
Microsoft Visual Studio Solution File, Format Version 12.00
# Visual Studio Version 17
VisualStudioVersion = 17.3.32819.101
MinimumVisualStudioVersion = 10.0.40219.1
Project("{9A19103F-16F7-4668-BE54-9A1E7A4F7556}") = "LP1.Aula3", "LP1.Aula3\LP1.Aula3.csproj", "{2BFB850A-9993-40E5-9812-1965987AA05A}"
EndProject
Project("{9A19103F-16F7-4668-BE54-9A1E7A4F7556}") = "LP1.Aula4", "LP1.Aula4\LP1.Aula4.csproj", "{898D2113-4E19-412E-B148-E806B5EC1C3A}"
EndProject
Project("{9A19103F-16F7-4668-BE54-9A1E7A4F7556}") = "LP1.Aula5", "LP1.Aula5\LP1.Aula5.csproj", "{67C273C8-D4FE-45D8-A244-70A01BCC277C}"
EndProject
Project("{FAE04EC0-301F-11D3-BF4B-00C04F79EFBC}") = "LP1.Aula6", "LP1.Aula6\LP1.Aula6.csproj", "{E3218F18-4620-4E23-A53E-927A0F50DEC7}"
EndProject
Project("{FAE04EC0-301F-11D3-BF4B-00C04F79EFBC}") = "LP1.Aula7", "LP1.Aula7\LP1.Aula7.csproj", "{137B4FAD-9B78-4B4A-8C50-5CB4824528CF}"
EndProject
Global
	GlobalSection(SolutionConfigurationPlatforms) = preSolution
		Debug|Any CPU = Debug|Any CPU
		Release|Any CPU = Release|Any CPU
	EndGlobalSection
	GlobalSection(ProjectConfigurationPlatforms) = postSolution
		{2BFB850A-9993-40E5-9812-1965987AA05A}.Debug|Any CPU.ActiveCfg = Debug|Any CPU
		{2BFB850A-9993-40E5-9812-1965987AA05A}.Debug|Any CPU.Build.0 = Debug|Any CPU
		{2BFB850A-9993-40E5-9812-1965987AA05A}.Release|Any CPU.ActiveCfg = Release|Any CPU
		{2BFB850A-9993-40E5-9812-1965987AA05A}.Release|Any CPU.Build.0 = Release|Any CPU
		{898D2113-4E19-412E-B148-E806B5EC1C3A}.Debug|Any CPU.ActiveCfg = Debug|Any CPU
		{898D2113-4E19-412E-B148-E806B5EC1C3A}.Debug|Any CPU.Build.0 = Debug|Any CPU
		{898D2113-4E19-412E-B148-E806B5EC1C3A}.Release|Any CPU.ActiveCfg = Release|Any CPU
		{898D2113-4E19-412E-B148-E806B5EC1C3A}.Release|Any CPU.Build.0 = Release|Any CPU
		{67C273C8-D4FE-45D8-A244-70A01BCC277C}.Debug|Any CPU.ActiveCfg = Debug|Any CPU
		{67C273C8-D4FE-45D8-A244-70A01BCC277C}.Debug|Any CPU.Build.0 = Debug|Any CPU
		{67C273C8-D4FE-45D8-A244-70A01BCC277C}.Release|Any CPU.ActiveCfg = Release|Any CPU
		{67C273C8-D4FE-45D8-A244-70A01BCC277C}.Release|Any CPU.Build.0 = Release|Any CPU
		{E3218F18-4620-4E23-A53E-927A0F50DEC7}.Debug|Any CPU.ActiveCfg = Debug|Any CPU
		{E3218F18-4620-4E23-A53E-927A0F50DEC7}.Debug|Any CPU.Build.0 = Debug|Any CPU
		{E3218F18-4620-4E23-A53E-927A0F50DEC7}.Release|Any CPU.ActiveCfg = Release|Any CPU
		{E3218F18-4620-4E23-A53E-927A0F50DEC7}.Release|Any CPU.Build.0 = Release|Any CPU
		{137B4FAD-9B78-4B4A-8C50-5CB4824528CF}.Debug|Any CPU.ActiveCfg = Debug|Any CPU
		{137B4FAD-9B78-4B4A-8C50-5CB4824528CF}.Debug|Any CPU.Build.0 = Debug|Any CPU
		{137B4FAD-9B78-4B4A-8C50-5CB4824528CF}.Release|Any CPU.ActiveCfg = Release|Any CPU
		{137B4FAD-9B78-4B4A-8C50-5CB4824528CF}.Release|Any CPU.Build.0 = Release|Any CPU
	EndGlobalSection
	GlobalSection(SolutionProperties) = preSolution
		HideSolutionNode = FALSE
	EndGlobalSection
	GlobalSection(ExtensibilityGlobals) = postSolution
		SolutionGuid = {B07F51A7-E6FD-45F0-B620-56E6BE9F4136}
	EndGlobalSection
EndGlobal
